// !$*UTF8*$!
{
	archiveVersion = 1;
	classes = {
	};
	objectVersion = 46;
	objects = {

/* Begin PBXBuildFile section */
		3718C6D119E271B7001EFAAF /* ProfileViewController.swift in Sources */ = {isa = PBXBuildFile; fileRef = 3718C6D019E271B7001EFAAF /* ProfileViewController.swift */; };
		3718C6D319E28A7C001EFAAF /* ProfileCounterTableViewCell.swift in Sources */ = {isa = PBXBuildFile; fileRef = 3718C6D219E28A7C001EFAAF /* ProfileCounterTableViewCell.swift */; };
		3718C6D519E28E7F001EFAAF /* ProfileHeaderView.swift in Sources */ = {isa = PBXBuildFile; fileRef = 3718C6D419E28E7F001EFAAF /* ProfileHeaderView.swift */; };
		3718C6D719E36F4D001EFAAF /* Constants.swift in Sources */ = {isa = PBXBuildFile; fileRef = 3718C6D619E36F4D001EFAAF /* Constants.swift */; };
		3718C6D919E36FA0001EFAAF /* UINavigationController+Twitter.swift in Sources */ = {isa = PBXBuildFile; fileRef = 3718C6D819E36FA0001EFAAF /* UINavigationController+Twitter.swift */; };
		372606FD19DBC32000CAFCF1 /* ComposeTweetViewControllerDelegate.swift in Sources */ = {isa = PBXBuildFile; fileRef = 372606FC19DBC32000CAFCF1 /* ComposeTweetViewControllerDelegate.swift */; };
		3743D5C919D7467A004D2AD1 /* SplashViewController.swift in Sources */ = {isa = PBXBuildFile; fileRef = 3743D5C819D7467A004D2AD1 /* SplashViewController.swift */; };
		3743D5CB19D749B5004D2AD1 /* AuthViewController.swift in Sources */ = {isa = PBXBuildFile; fileRef = 3743D5CA19D749B5004D2AD1 /* AuthViewController.swift */; };
		3743D5CD19D74C89004D2AD1 /* TwitterClient.swift in Sources */ = {isa = PBXBuildFile; fileRef = 3743D5CC19D74C89004D2AD1 /* TwitterClient.swift */; };
		377EDCEC19D410D20024BF07 /* AppDelegate.swift in Sources */ = {isa = PBXBuildFile; fileRef = 377EDCEB19D410D20024BF07 /* AppDelegate.swift */; };
		377EDCEE19D410D20024BF07 /* HomeTimelineViewController.swift in Sources */ = {isa = PBXBuildFile; fileRef = 377EDCED19D410D20024BF07 /* HomeTimelineViewController.swift */; };
		377EDCF119D410D20024BF07 /* Main.storyboard in Resources */ = {isa = PBXBuildFile; fileRef = 377EDCEF19D410D20024BF07 /* Main.storyboard */; };
		377EDCF319D410D20024BF07 /* Images.xcassets in Resources */ = {isa = PBXBuildFile; fileRef = 377EDCF219D410D20024BF07 /* Images.xcassets */; };
		377EDCF619D410D20024BF07 /* LaunchScreen.xib in Resources */ = {isa = PBXBuildFile; fileRef = 377EDCF419D410D20024BF07 /* LaunchScreen.xib */; };
		377EDD0219D410D20024BF07 /* twitterTests.swift in Sources */ = {isa = PBXBuildFile; fileRef = 377EDD0119D410D20024BF07 /* twitterTests.swift */; };
		377EDD0C19D4110A0024BF07 /* Podfile in Resources */ = {isa = PBXBuildFile; fileRef = 377EDD0B19D4110A0024BF07 /* Podfile */; };
		377EDD0E19D415DC0024BF07 /* ComposeTweetViewController.swift in Sources */ = {isa = PBXBuildFile; fileRef = 377EDD0D19D415DC0024BF07 /* ComposeTweetViewController.swift */; };
		377EDD1019D41EAE0024BF07 /* TweetViewController.swift in Sources */ = {isa = PBXBuildFile; fileRef = 377EDD0F19D41EAE0024BF07 /* TweetViewController.swift */; };
		377EDD1419D424690024BF07 /* TweetTableViewCell.swift in Sources */ = {isa = PBXBuildFile; fileRef = 377EDD1319D424690024BF07 /* TweetTableViewCell.swift */; };
		378C80FE19E0A5F800D05270 /* MainViewController.swift in Sources */ = {isa = PBXBuildFile; fileRef = 378C80FD19E0A5F800D05270 /* MainViewController.swift */; };
		378C810019E0A7F500D05270 /* SlideMenuViewController.swift in Sources */ = {isa = PBXBuildFile; fileRef = 378C80FF19E0A7F500D05270 /* SlideMenuViewController.swift */; };
		378C810219E0ACF000D05270 /* MenuViewController.swift in Sources */ = {isa = PBXBuildFile; fileRef = 378C810119E0ACF000D05270 /* MenuViewController.swift */; };
		378C810519E1228300D05270 /* MenuProfileTableViewCell.swift in Sources */ = {isa = PBXBuildFile; fileRef = 378C810419E1228300D05270 /* MenuProfileTableViewCell.swift */; };
		378C810719E122B600D05270 /* MenuItemTableViewCell.swift in Sources */ = {isa = PBXBuildFile; fileRef = 378C810619E122B600D05270 /* MenuItemTableViewCell.swift */; };
		378C810919E125AA00D05270 /* MenuViewControllerDelegate.swift in Sources */ = {isa = PBXBuildFile; fileRef = 378C810819E125AA00D05270 /* MenuViewControllerDelegate.swift */; };
		37CA0D7F19D8BBE00073EE4D /* Tweet.swift in Sources */ = {isa = PBXBuildFile; fileRef = 37CA0D7E19D8BBE00073EE4D /* Tweet.swift */; };
		37CA0D8119D8BC0F0073EE4D /* User.swift in Sources */ = {isa = PBXBuildFile; fileRef = 37CA0D8019D8BC0F0073EE4D /* User.swift */; };
		37CA0D8319D93DB80073EE4D /* Settings.swift in Sources */ = {isa = PBXBuildFile; fileRef = 37CA0D8219D93DB80073EE4D /* Settings.swift */; };
		37CA0D8519D95B690073EE4D /* Application.swift in Sources */ = {isa = PBXBuildFile; fileRef = 37CA0D8419D95B690073EE4D /* Application.swift */; };
		9C80D7E98AB64320A760A5EB /* libPods.a in Frameworks */ = {isa = PBXBuildFile; fileRef = 53ED0C571C9B486CBA0BFB52 /* libPods.a */; };
/* End PBXBuildFile section */

/* Begin PBXContainerItemProxy section */
		377EDCFC19D410D20024BF07 /* PBXContainerItemProxy */ = {
			isa = PBXContainerItemProxy;
			containerPortal = 377EDCDE19D410D20024BF07 /* Project object */;
			proxyType = 1;
			remoteGlobalIDString = 377EDCE519D410D20024BF07;
			remoteInfo = twitter;
		};
/* End PBXContainerItemProxy section */

/* Begin PBXFileReference section */
		3718C6D019E271B7001EFAAF /* ProfileViewController.swift */ = {isa = PBXFileReference; fileEncoding = 4; lastKnownFileType = sourcecode.swift; path = ProfileViewController.swift; sourceTree = "<group>"; };
		3718C6D219E28A7C001EFAAF /* ProfileCounterTableViewCell.swift */ = {isa = PBXFileReference; fileEncoding = 4; lastKnownFileType = sourcecode.swift; path = ProfileCounterTableViewCell.swift; sourceTree = "<group>"; };
		3718C6D419E28E7F001EFAAF /* ProfileHeaderView.swift */ = {isa = PBXFileReference; fileEncoding = 4; lastKnownFileType = sourcecode.swift; path = ProfileHeaderView.swift; sourceTree = "<group>"; };
		3718C6D619E36F4D001EFAAF /* Constants.swift */ = {isa = PBXFileReference; fileEncoding = 4; lastKnownFileType = sourcecode.swift; path = Constants.swift; sourceTree = "<group>"; };
		3718C6D819E36FA0001EFAAF /* UINavigationController+Twitter.swift */ = {isa = PBXFileReference; fileEncoding = 4; lastKnownFileType = sourcecode.swift; path = "UINavigationController+Twitter.swift"; sourceTree = "<group>"; };
		372606FC19DBC32000CAFCF1 /* ComposeTweetViewControllerDelegate.swift */ = {isa = PBXFileReference; fileEncoding = 4; lastKnownFileType = sourcecode.swift; path = ComposeTweetViewControllerDelegate.swift; sourceTree = "<group>"; };
		3743D5C819D7467A004D2AD1 /* SplashViewController.swift */ = {isa = PBXFileReference; fileEncoding = 4; lastKnownFileType = sourcecode.swift; path = SplashViewController.swift; sourceTree = "<group>"; };
		3743D5CA19D749B5004D2AD1 /* AuthViewController.swift */ = {isa = PBXFileReference; fileEncoding = 4; lastKnownFileType = sourcecode.swift; path = AuthViewController.swift; sourceTree = "<group>"; };
		3743D5CC19D74C89004D2AD1 /* TwitterClient.swift */ = {isa = PBXFileReference; fileEncoding = 4; lastKnownFileType = sourcecode.swift; path = TwitterClient.swift; sourceTree = "<group>"; };
		3743D5CE19D791B9004D2AD1 /* twitter-Bridging-Header.h */ = {isa = PBXFileReference; lastKnownFileType = sourcecode.c.h; path = "twitter-Bridging-Header.h"; sourceTree = SOURCE_ROOT; };
		377EDCE619D410D20024BF07 /* twitter.app */ = {isa = PBXFileReference; explicitFileType = wrapper.application; includeInIndex = 0; path = twitter.app; sourceTree = BUILT_PRODUCTS_DIR; };
		377EDCEA19D410D20024BF07 /* Info.plist */ = {isa = PBXFileReference; lastKnownFileType = text.plist.xml; path = Info.plist; sourceTree = "<group>"; };
		377EDCEB19D410D20024BF07 /* AppDelegate.swift */ = {isa = PBXFileReference; lastKnownFileType = sourcecode.swift; path = AppDelegate.swift; sourceTree = "<group>"; };
		377EDCED19D410D20024BF07 /* HomeTimelineViewController.swift */ = {isa = PBXFileReference; lastKnownFileType = sourcecode.swift; path = HomeTimelineViewController.swift; sourceTree = "<group>"; };
		377EDCF019D410D20024BF07 /* Base */ = {isa = PBXFileReference; lastKnownFileType = file.storyboard; name = Base; path = Base.lproj/Main.storyboard; sourceTree = "<group>"; };
		377EDCF219D410D20024BF07 /* Images.xcassets */ = {isa = PBXFileReference; lastKnownFileType = folder.assetcatalog; path = Images.xcassets; sourceTree = "<group>"; };
		377EDCF519D410D20024BF07 /* Base */ = {isa = PBXFileReference; lastKnownFileType = file.xib; name = Base; path = Base.lproj/LaunchScreen.xib; sourceTree = "<group>"; };
		377EDCFB19D410D20024BF07 /* twitterTests.xctest */ = {isa = PBXFileReference; explicitFileType = wrapper.cfbundle; includeInIndex = 0; path = twitterTests.xctest; sourceTree = BUILT_PRODUCTS_DIR; };
		377EDD0019D410D20024BF07 /* Info.plist */ = {isa = PBXFileReference; lastKnownFileType = text.plist.xml; path = Info.plist; sourceTree = "<group>"; };
		377EDD0119D410D20024BF07 /* twitterTests.swift */ = {isa = PBXFileReference; lastKnownFileType = sourcecode.swift; path = twitterTests.swift; sourceTree = "<group>"; };
		377EDD0B19D4110A0024BF07 /* Podfile */ = {isa = PBXFileReference; fileEncoding = 4; lastKnownFileType = text; path = Podfile; sourceTree = "<group>"; xcLanguageSpecificationIdentifier = xcode.lang.ruby; };
		377EDD0D19D415DC0024BF07 /* ComposeTweetViewController.swift */ = {isa = PBXFileReference; fileEncoding = 4; lastKnownFileType = sourcecode.swift; path = ComposeTweetViewController.swift; sourceTree = "<group>"; };
		377EDD0F19D41EAE0024BF07 /* TweetViewController.swift */ = {isa = PBXFileReference; fileEncoding = 4; lastKnownFileType = sourcecode.swift; path = TweetViewController.swift; sourceTree = "<group>"; };
		377EDD1319D424690024BF07 /* TweetTableViewCell.swift */ = {isa = PBXFileReference; fileEncoding = 4; lastKnownFileType = sourcecode.swift; path = TweetTableViewCell.swift; sourceTree = "<group>"; };
		378C80FD19E0A5F800D05270 /* MainViewController.swift */ = {isa = PBXFileReference; fileEncoding = 4; lastKnownFileType = sourcecode.swift; path = MainViewController.swift; sourceTree = "<group>"; };
		378C80FF19E0A7F500D05270 /* SlideMenuViewController.swift */ = {isa = PBXFileReference; fileEncoding = 4; lastKnownFileType = sourcecode.swift; path = SlideMenuViewController.swift; sourceTree = "<group>"; };
		378C810119E0ACF000D05270 /* MenuViewController.swift */ = {isa = PBXFileReference; fileEncoding = 4; lastKnownFileType = sourcecode.swift; path = MenuViewController.swift; sourceTree = "<group>"; };
		378C810419E1228300D05270 /* MenuProfileTableViewCell.swift */ = {isa = PBXFileReference; fileEncoding = 4; lastKnownFileType = sourcecode.swift; path = MenuProfileTableViewCell.swift; sourceTree = "<group>"; };
		378C810619E122B600D05270 /* MenuItemTableViewCell.swift */ = {isa = PBXFileReference; fileEncoding = 4; lastKnownFileType = sourcecode.swift; path = MenuItemTableViewCell.swift; sourceTree = "<group>"; };
		378C810819E125AA00D05270 /* MenuViewControllerDelegate.swift */ = {isa = PBXFileReference; fileEncoding = 4; lastKnownFileType = sourcecode.swift; path = MenuViewControllerDelegate.swift; sourceTree = "<group>"; };
		37CA0D7E19D8BBE00073EE4D /* Tweet.swift */ = {isa = PBXFileReference; fileEncoding = 4; lastKnownFileType = sourcecode.swift; path = Tweet.swift; sourceTree = "<group>"; };
		37CA0D8019D8BC0F0073EE4D /* User.swift */ = {isa = PBXFileReference; fileEncoding = 4; lastKnownFileType = sourcecode.swift; path = User.swift; sourceTree = "<group>"; };
		37CA0D8219D93DB80073EE4D /* Settings.swift */ = {isa = PBXFileReference; fileEncoding = 4; lastKnownFileType = sourcecode.swift; path = Settings.swift; sourceTree = "<group>"; };
		37CA0D8419D95B690073EE4D /* Application.swift */ = {isa = PBXFileReference; fileEncoding = 4; lastKnownFileType = sourcecode.swift; path = Application.swift; sourceTree = "<group>"; };
		53ED0C571C9B486CBA0BFB52 /* libPods.a */ = {isa = PBXFileReference; explicitFileType = archive.ar; includeInIndex = 0; path = libPods.a; sourceTree = BUILT_PRODUCTS_DIR; };
		89712253045549DB807C4173 /* Pods.xcconfig */ = {isa = PBXFileReference; includeInIndex = 1; lastKnownFileType = text.xcconfig; name = Pods.xcconfig; path = Pods/Pods.xcconfig; sourceTree = "<group>"; };
/* End PBXFileReference section */

/* Begin PBXFrameworksBuildPhase section */
		377EDCE319D410D20024BF07 /* Frameworks */ = {
			isa = PBXFrameworksBuildPhase;
			buildActionMask = 2147483647;
			files = (
				9C80D7E98AB64320A760A5EB /* libPods.a in Frameworks */,
			);
			runOnlyForDeploymentPostprocessing = 0;
		};
		377EDCF819D410D20024BF07 /* Frameworks */ = {
			isa = PBXFrameworksBuildPhase;
			buildActionMask = 2147483647;
			files = (
			);
			runOnlyForDeploymentPostprocessing = 0;
		};
/* End PBXFrameworksBuildPhase section */

/* Begin PBXGroup section */
		377EDCDD19D410D20024BF07 = {
			isa = PBXGroup;
			children = (
				377EDD0B19D4110A0024BF07 /* Podfile */,
				377EDCE819D410D20024BF07 /* twitter */,
				377EDCFE19D410D20024BF07 /* twitterTests */,
				377EDCE719D410D20024BF07 /* Products */,
				89712253045549DB807C4173 /* Pods.xcconfig */,
				67E5736AB16B4BEC8F5AF176 /* Frameworks */,
			);
			sourceTree = "<group>";
		};
		377EDCE719D410D20024BF07 /* Products */ = {
			isa = PBXGroup;
			children = (
				377EDCE619D410D20024BF07 /* twitter.app */,
				377EDCFB19D410D20024BF07 /* twitterTests.xctest */,
			);
			name = Products;
			sourceTree = "<group>";
		};
		377EDCE819D410D20024BF07 /* twitter */ = {
			isa = PBXGroup;
			children = (
				377EDCEB19D410D20024BF07 /* AppDelegate.swift */,
				3743D5CA19D749B5004D2AD1 /* AuthViewController.swift */,
				377EDD0D19D415DC0024BF07 /* ComposeTweetViewController.swift */,
				372606FC19DBC32000CAFCF1 /* ComposeTweetViewControllerDelegate.swift */,
				3718C6D619E36F4D001EFAAF /* Constants.swift */,
				377EDCED19D410D20024BF07 /* HomeTimelineViewController.swift */,
				377EDCF219D410D20024BF07 /* Images.xcassets */,
				377EDCF419D410D20024BF07 /* LaunchScreen.xib */,
				377EDCEF19D410D20024BF07 /* Main.storyboard */,
				378C80FD19E0A5F800D05270 /* MainViewController.swift */,
				378C810619E122B600D05270 /* MenuItemTableViewCell.swift */,
				378C810419E1228300D05270 /* MenuProfileTableViewCell.swift */,
				378C810119E0ACF000D05270 /* MenuViewController.swift */,
				378C810819E125AA00D05270 /* MenuViewControllerDelegate.swift */,
				37CA0D7B19D8BBA00073EE4D /* Models */,
				3718C6D219E28A7C001EFAAF /* ProfileCounterTableViewCell.swift */,
				3718C6D419E28E7F001EFAAF /* ProfileHeaderView.swift */,
				3718C6D019E271B7001EFAAF /* ProfileViewController.swift */,
				37CA0D8219D93DB80073EE4D /* Settings.swift */,
				378C80FF19E0A7F500D05270 /* SlideMenuViewController.swift */,
				3743D5C819D7467A004D2AD1 /* SplashViewController.swift */,
				377EDCE919D410D20024BF07 /* Supporting Files */,
				377EDD1319D424690024BF07 /* TweetTableViewCell.swift */,
				377EDD0F19D41EAE0024BF07 /* TweetViewController.swift */,
				3743D5CE19D791B9004D2AD1 /* twitter-Bridging-Header.h */,
				3743D5CC19D74C89004D2AD1 /* TwitterClient.swift */,
				3718C6D819E36FA0001EFAAF /* UINavigationController+Twitter.swift */,
			);
			path = twitter;
			sourceTree = "<group>";
		};
		377EDCE919D410D20024BF07 /* Supporting Files */ = {
			isa = PBXGroup;
			children = (
				377EDCEA19D410D20024BF07 /* Info.plist */,
			);
			name = "Supporting Files";
			sourceTree = "<group>";
		};
		377EDCFE19D410D20024BF07 /* twitterTests */ = {
			isa = PBXGroup;
			children = (
				377EDD0119D410D20024BF07 /* twitterTests.swift */,
				377EDCFF19D410D20024BF07 /* Supporting Files */,
			);
			path = twitterTests;
			sourceTree = "<group>";
		};
		377EDCFF19D410D20024BF07 /* Supporting Files */ = {
			isa = PBXGroup;
			children = (
				377EDD0019D410D20024BF07 /* Info.plist */,
			);
			name = "Supporting Files";
			sourceTree = "<group>";
		};
		37CA0D7B19D8BBA00073EE4D /* Models */ = {
			isa = PBXGroup;
			children = (
				37CA0D7E19D8BBE00073EE4D /* Tweet.swift */,
				37CA0D8019D8BC0F0073EE4D /* User.swift */,
				37CA0D8419D95B690073EE4D /* Application.swift */,
			);
			name = Models;
			sourceTree = "<group>";
		};
		67E5736AB16B4BEC8F5AF176 /* Frameworks */ = {
			isa = PBXGroup;
			children = (
				53ED0C571C9B486CBA0BFB52 /* libPods.a */,
			);
			name = Frameworks;
			sourceTree = "<group>";
		};
/* End PBXGroup section */

/* Begin PBXNativeTarget section */
		377EDCE519D410D20024BF07 /* twitter */ = {
			isa = PBXNativeTarget;
			buildConfigurationList = 377EDD0519D410D20024BF07 /* Build configuration list for PBXNativeTarget "twitter" */;
			buildPhases = (
				37C82A694ACF40579FA488EC /* Check Pods Manifest.lock */,
				377EDCE219D410D20024BF07 /* Sources */,
				377EDCE319D410D20024BF07 /* Frameworks */,
				377EDCE419D410D20024BF07 /* Resources */,
				7EE980AF2E0443CD9E188BAA /* Copy Pods Resources */,
			);
			buildRules = (
			);
			dependencies = (
			);
			name = twitter;
			productName = twitter;
			productReference = 377EDCE619D410D20024BF07 /* twitter.app */;
			productType = "com.apple.product-type.application";
		};
		377EDCFA19D410D20024BF07 /* twitterTests */ = {
			isa = PBXNativeTarget;
			buildConfigurationList = 377EDD0819D410D20024BF07 /* Build configuration list for PBXNativeTarget "twitterTests" */;
			buildPhases = (
				377EDCF719D410D20024BF07 /* Sources */,
				377EDCF819D410D20024BF07 /* Frameworks */,
				377EDCF919D410D20024BF07 /* Resources */,
			);
			buildRules = (
			);
			dependencies = (
				377EDCFD19D410D20024BF07 /* PBXTargetDependency */,
			);
			name = twitterTests;
			productName = twitterTests;
			productReference = 377EDCFB19D410D20024BF07 /* twitterTests.xctest */;
			productType = "com.apple.product-type.bundle.unit-test";
		};
/* End PBXNativeTarget section */

/* Begin PBXProject section */
		377EDCDE19D410D20024BF07 /* Project object */ = {
			isa = PBXProject;
			attributes = {
				LastUpgradeCheck = 0600;
				ORGANIZATIONNAME = "Dan Schultz";
				TargetAttributes = {
					377EDCE519D410D20024BF07 = {
						CreatedOnToolsVersion = 6.0.1;
					};
					377EDCFA19D410D20024BF07 = {
						CreatedOnToolsVersion = 6.0.1;
						TestTargetID = 377EDCE519D410D20024BF07;
					};
				};
			};
			buildConfigurationList = 377EDCE119D410D20024BF07 /* Build configuration list for PBXProject "twitter" */;
			compatibilityVersion = "Xcode 3.2";
			developmentRegion = English;
			hasScannedForEncodings = 0;
			knownRegions = (
				en,
				Base,
			);
			mainGroup = 377EDCDD19D410D20024BF07;
			productRefGroup = 377EDCE719D410D20024BF07 /* Products */;
			projectDirPath = "";
			projectRoot = "";
			targets = (
				377EDCE519D410D20024BF07 /* twitter */,
				377EDCFA19D410D20024BF07 /* twitterTests */,
			);
		};
/* End PBXProject section */

/* Begin PBXResourcesBuildPhase section */
		377EDCE419D410D20024BF07 /* Resources */ = {
			isa = PBXResourcesBuildPhase;
			buildActionMask = 2147483647;
			files = (
				377EDCF119D410D20024BF07 /* Main.storyboard in Resources */,
				377EDCF619D410D20024BF07 /* LaunchScreen.xib in Resources */,
				377EDD0C19D4110A0024BF07 /* Podfile in Resources */,
				377EDCF319D410D20024BF07 /* Images.xcassets in Resources */,
			);
			runOnlyForDeploymentPostprocessing = 0;
		};
		377EDCF919D410D20024BF07 /* Resources */ = {
			isa = PBXResourcesBuildPhase;
			buildActionMask = 2147483647;
			files = (
			);
			runOnlyForDeploymentPostprocessing = 0;
		};
/* End PBXResourcesBuildPhase section */

/* Begin PBXShellScriptBuildPhase section */
		37C82A694ACF40579FA488EC /* Check Pods Manifest.lock */ = {
			isa = PBXShellScriptBuildPhase;
			buildActionMask = 2147483647;
			files = (
			);
			inputPaths = (
			);
			name = "Check Pods Manifest.lock";
			outputPaths = (
			);
			runOnlyForDeploymentPostprocessing = 0;
			shellPath = /bin/sh;
			shellScript = "diff \"${PODS_ROOT}/../Podfile.lock\" \"${PODS_ROOT}/Manifest.lock\" > /dev/null\nif [[ $? != 0 ]] ; then\n    cat << EOM\nerror: The sandbox is not in sync with the Podfile.lock. Run 'pod install' or update your CocoaPods installation.\nEOM\n    exit 1\nfi\n";
			showEnvVarsInLog = 0;
		};
		7EE980AF2E0443CD9E188BAA /* Copy Pods Resources */ = {
			isa = PBXShellScriptBuildPhase;
			buildActionMask = 2147483647;
			files = (
			);
			inputPaths = (
			);
			name = "Copy Pods Resources";
			outputPaths = (
			);
			runOnlyForDeploymentPostprocessing = 0;
			shellPath = /bin/sh;
			shellScript = "\"${SRCROOT}/Pods/Pods-resources.sh\"\n";
			showEnvVarsInLog = 0;
		};
/* End PBXShellScriptBuildPhase section */

/* Begin PBXSourcesBuildPhase section */
		377EDCE219D410D20024BF07 /* Sources */ = {
			isa = PBXSourcesBuildPhase;
			buildActionMask = 2147483647;
			files = (
				37CA0D8519D95B690073EE4D /* Application.swift in Sources */,
				3743D5CD19D74C89004D2AD1 /* TwitterClient.swift in Sources */,
				3718C6D119E271B7001EFAAF /* ProfileViewController.swift in Sources */,
				372606FD19DBC32000CAFCF1 /* ComposeTweetViewControllerDelegate.swift in Sources */,
				378C810719E122B600D05270 /* MenuItemTableViewCell.swift in Sources */,
				3718C6D319E28A7C001EFAAF /* ProfileCounterTableViewCell.swift in Sources */,
				3718C6D719E36F4D001EFAAF /* Constants.swift in Sources */,
				3718C6D919E36FA0001EFAAF /* UINavigationController+Twitter.swift in Sources */,
				377EDD1019D41EAE0024BF07 /* TweetViewController.swift in Sources */,
				377EDD0E19D415DC0024BF07 /* ComposeTweetViewController.swift in Sources */,
				37CA0D7F19D8BBE00073EE4D /* Tweet.swift in Sources */,
				377EDCEE19D410D20024BF07 /* HomeTimelineViewController.swift in Sources */,
				378C810219E0ACF000D05270 /* MenuViewController.swift in Sources */,
				378C80FE19E0A5F800D05270 /* MainViewController.swift in Sources */,
				3743D5CB19D749B5004D2AD1 /* AuthViewController.swift in Sources */,
				3718C6D519E28E7F001EFAAF /* ProfileHeaderView.swift in Sources */,
				378C810519E1228300D05270 /* MenuProfileTableViewCell.swift in Sources */,
				3743D5C919D7467A004D2AD1 /* SplashViewController.swift in Sources */,
				378C810019E0A7F500D05270 /* SlideMenuViewController.swift in Sources */,
				378C810919E125AA00D05270 /* MenuViewControllerDelegate.swift in Sources */,
				377EDD1419D424690024BF07 /* TweetTableViewCell.swift in Sources */,
				37CA0D8119D8BC0F0073EE4D /* User.swift in Sources */,
				37CA0D8319D93DB80073EE4D /* Settings.swift in Sources */,
				377EDCEC19D410D20024BF07 /* AppDelegate.swift in Sources */,
			);
			runOnlyForDeploymentPostprocessing = 0;
		};
		377EDCF719D410D20024BF07 /* Sources */ = {
			isa = PBXSourcesBuildPhase;
			buildActionMask = 2147483647;
			files = (
				377EDD0219D410D20024BF07 /* twitterTests.swift in Sources */,
			);
			runOnlyForDeploymentPostprocessing = 0;
		};
/* End PBXSourcesBuildPhase section */

/* Begin PBXTargetDependency section */
		377EDCFD19D410D20024BF07 /* PBXTargetDependency */ = {
			isa = PBXTargetDependency;
			target = 377EDCE519D410D20024BF07 /* twitter */;
			targetProxy = 377EDCFC19D410D20024BF07 /* PBXContainerItemProxy */;
		};
/* End PBXTargetDependency section */

/* Begin PBXVariantGroup section */
		377EDCEF19D410D20024BF07 /* Main.storyboard */ = {
			isa = PBXVariantGroup;
			children = (
				377EDCF019D410D20024BF07 /* Base */,
			);
			name = Main.storyboard;
			sourceTree = "<group>";
		};
		377EDCF419D410D20024BF07 /* LaunchScreen.xib */ = {
			isa = PBXVariantGroup;
			children = (
				377EDCF519D410D20024BF07 /* Base */,
			);
			name = LaunchScreen.xib;
			sourceTree = "<group>";
		};
/* End PBXVariantGroup section */

/* Begin XCBuildConfiguration section */
		377EDD0319D410D20024BF07 /* Debug */ = {
			isa = XCBuildConfiguration;
			buildSettings = {
				ALWAYS_SEARCH_USER_PATHS = NO;
				CLANG_CXX_LANGUAGE_STANDARD = "gnu++0x";
				CLANG_CXX_LIBRARY = "libc++";
				CLANG_ENABLE_MODULES = YES;
				CLANG_ENABLE_OBJC_ARC = YES;
				CLANG_WARN_BOOL_CONVERSION = YES;
				CLANG_WARN_CONSTANT_CONVERSION = YES;
				CLANG_WARN_DIRECT_OBJC_ISA_USAGE = YES_ERROR;
				CLANG_WARN_EMPTY_BODY = YES;
				CLANG_WARN_ENUM_CONVERSION = YES;
				CLANG_WARN_INT_CONVERSION = YES;
				CLANG_WARN_OBJC_ROOT_CLASS = YES_ERROR;
				CLANG_WARN_UNREACHABLE_CODE = YES;
				CLANG_WARN__DUPLICATE_METHOD_MATCH = YES;
				"CODE_SIGN_IDENTITY[sdk=iphoneos*]" = "iPhone Developer";
				COPY_PHASE_STRIP = NO;
				ENABLE_STRICT_OBJC_MSGSEND = YES;
				GCC_C_LANGUAGE_STANDARD = gnu99;
				GCC_DYNAMIC_NO_PIC = NO;
				GCC_OPTIMIZATION_LEVEL = 0;
				GCC_PREPROCESSOR_DEFINITIONS = (
					"DEBUG=1",
					"$(inherited)",
				);
				GCC_SYMBOLS_PRIVATE_EXTERN = NO;
				GCC_WARN_64_TO_32_BIT_CONVERSION = YES;
				GCC_WARN_ABOUT_RETURN_TYPE = YES_ERROR;
				GCC_WARN_UNDECLARED_SELECTOR = YES;
				GCC_WARN_UNINITIALIZED_AUTOS = YES_AGGRESSIVE;
				GCC_WARN_UNUSED_FUNCTION = YES;
				GCC_WARN_UNUSED_VARIABLE = YES;
				IPHONEOS_DEPLOYMENT_TARGET = 8.0;
				MTL_ENABLE_DEBUG_INFO = YES;
				ONLY_ACTIVE_ARCH = YES;
				SDKROOT = iphoneos;
				SWIFT_OPTIMIZATION_LEVEL = "-Onone";
			};
			name = Debug;
		};
		377EDD0419D410D20024BF07 /* Release */ = {
			isa = XCBuildConfiguration;
			buildSettings = {
				ALWAYS_SEARCH_USER_PATHS = NO;
				CLANG_CXX_LANGUAGE_STANDARD = "gnu++0x";
				CLANG_CXX_LIBRARY = "libc++";
				CLANG_ENABLE_MODULES = YES;
				CLANG_ENABLE_OBJC_ARC = YES;
				CLANG_WARN_BOOL_CONVERSION = YES;
				CLANG_WARN_CONSTANT_CONVERSION = YES;
				CLANG_WARN_DIRECT_OBJC_ISA_USAGE = YES_ERROR;
				CLANG_WARN_EMPTY_BODY = YES;
				CLANG_WARN_ENUM_CONVERSION = YES;
				CLANG_WARN_INT_CONVERSION = YES;
				CLANG_WARN_OBJC_ROOT_CLASS = YES_ERROR;
				CLANG_WARN_UNREACHABLE_CODE = YES;
				CLANG_WARN__DUPLICATE_METHOD_MATCH = YES;
				"CODE_SIGN_IDENTITY[sdk=iphoneos*]" = "iPhone Developer";
				COPY_PHASE_STRIP = YES;
				ENABLE_NS_ASSERTIONS = NO;
				ENABLE_STRICT_OBJC_MSGSEND = YES;
				GCC_C_LANGUAGE_STANDARD = gnu99;
				GCC_WARN_64_TO_32_BIT_CONVERSION = YES;
				GCC_WARN_ABOUT_RETURN_TYPE = YES_ERROR;
				GCC_WARN_UNDECLARED_SELECTOR = YES;
				GCC_WARN_UNINITIALIZED_AUTOS = YES_AGGRESSIVE;
				GCC_WARN_UNUSED_FUNCTION = YES;
				GCC_WARN_UNUSED_VARIABLE = YES;
				IPHONEOS_DEPLOYMENT_TARGET = 8.0;
				MTL_ENABLE_DEBUG_INFO = NO;
				SDKROOT = iphoneos;
				VALIDATE_PRODUCT = YES;
			};
			name = Release;
		};
		377EDD0619D410D20024BF07 /* Debug */ = {
			isa = XCBuildConfiguration;
			baseConfigurationReference = 89712253045549DB807C4173 /* Pods.xcconfig */;
			buildSettings = {
				ASSETCATALOG_COMPILER_APPICON_NAME = AppIcon;
				CLANG_ENABLE_MODULES = YES;
				INFOPLIST_FILE = twitter/Info.plist;
				LD_RUNPATH_SEARCH_PATHS = "$(inherited) @executable_path/Frameworks";
				PRODUCT_NAME = "$(TARGET_NAME)";
				SWIFT_OBJC_BRIDGING_HEADER = "twitter-Bridging-Header.h";
				SWIFT_OPTIMIZATION_LEVEL = "-Onone";
			};
			name = Debug;
		};
		377EDD0719D410D20024BF07 /* Release */ = {
			isa = XCBuildConfiguration;
			baseConfigurationReference = 89712253045549DB807C4173 /* Pods.xcconfig */;
			buildSettings = {
				ASSETCATALOG_COMPILER_APPICON_NAME = AppIcon;
				CLANG_ENABLE_MODULES = YES;
				INFOPLIST_FILE = twitter/Info.plist;
				LD_RUNPATH_SEARCH_PATHS = "$(inherited) @executable_path/Frameworks";
				PRODUCT_NAME = "$(TARGET_NAME)";
				SWIFT_OBJC_BRIDGING_HEADER = "twitter-Bridging-Header.h";
			};
			name = Release;
		};
		377EDD0919D410D20024BF07 /* Debug */ = {
			isa = XCBuildConfiguration;
			buildSettings = {
				BUNDLE_LOADER = "$(TEST_HOST)";
				FRAMEWORK_SEARCH_PATHS = (
					"$(SDKROOT)/Developer/Library/Frameworks",
					"$(inherited)",
				);
				GCC_PREPROCESSOR_DEFINITIONS = (
					"DEBUG=1",
					"$(inherited)",
				);
				INFOPLIST_FILE = twitterTests/Info.plist;
				LD_RUNPATH_SEARCH_PATHS = "$(inherited) @executable_path/Frameworks @loader_path/Frameworks";
				PRODUCT_NAME = "$(TARGET_NAME)";
				TEST_HOST = "$(BUILT_PRODUCTS_DIR)/twitter.app/twitter";
			};
			name = Debug;
		};
		377EDD0A19D410D20024BF07 /* Release */ = {
			isa = XCBuildConfiguration;
			buildSettings = {
				BUNDLE_LOADER = "$(TEST_HOST)";
				FRAMEWORK_SEARCH_PATHS = (
					"$(SDKROOT)/Developer/Library/Frameworks",
					"$(inherited)",
				);
				INFOPLIST_FILE = twitterTests/Info.plist;
				LD_RUNPATH_SEARCH_PATHS = "$(inherited) @executable_path/Frameworks @loader_path/Frameworks";
				PRODUCT_NAME = "$(TARGET_NAME)";
				TEST_HOST = "$(BUILT_PRODUCTS_DIR)/twitter.app/twitter";
			};
			name = Release;
		};
/* End XCBuildConfiguration section */

/* Begin XCConfigurationList section */
		377EDCE119D410D20024BF07 /* Build configuration list for PBXProject "twitter" */ = {
			isa = XCConfigurationList;
			buildConfigurations = (
				377EDD0319D410D20024BF07 /* Debug */,
				377EDD0419D410D20024BF07 /* Release */,
			);
			defaultConfigurationIsVisible = 0;
			defaultConfigurationName = Release;
		};
		377EDD0519D410D20024BF07 /* Build configuration list for PBXNativeTarget "twitter" */ = {
			isa = XCConfigurationList;
			buildConfigurations = (
				377EDD0619D410D20024BF07 /* Debug */,
				377EDD0719D410D20024BF07 /* Release */,
			);
			defaultConfigurationIsVisible = 0;
			defaultConfigurationName = Release;
		};
		377EDD0819D410D20024BF07 /* Build configuration list for PBXNativeTarget "twitterTests" */ = {
			isa = XCConfigurationList;
			buildConfigurations = (
				377EDD0919D410D20024BF07 /* Debug */,
				377EDD0A19D410D20024BF07 /* Release */,
			);
			defaultConfigurationIsVisible = 0;
			defaultConfigurationName = Release;
		};
/* End XCConfigurationList section */
	};
	rootObject = 377EDCDE19D410D20024BF07 /* Project object */;
}
